
Microsoft Visual Studio Solution File, Format Version 12.00
# Visual Studio Version 17
VisualStudioVersion = 17.4.33122.133
MinimumVisualStudioVersion = 10.0.40219.1
Project("{FAE04EC0-301F-11D3-BF4B-00C04F79EFBC}") = "DigitalThinkersHomeWork.API", "DigitalThinkersHomeWork.API\DigitalThinkersHomeWork.API.csproj", "{23046BFC-1B76-4148-907D-8B965EAA31F2}"
EndProject
Project("{FAE04EC0-301F-11D3-BF4B-00C04F79EFBC}") = "DigitalThinkersHomeWork.Core", "DigitalThinkersHomeWork.Core\DigitalThinkersHomeWork.Core.csproj", "{A7E84D61-201C-494D-A8AA-992F390654F6}"
EndProject
Project("{FAE04EC0-301F-11D3-BF4B-00C04F79EFBC}") = "DigitalThinkersHomeWork.Infrastructure", "DigitalThinkersHomeWork.Infrastructure\DigitalThinkersHomeWork.Infrastructure.csproj", "{AC92F33F-5CE2-48E1-BFC5-A01982F6EF01}"
EndProject
Project("{2150E333-8FDC-42A3-9474-1A3956D46DE8}") = "Features", "Features", "{87B3A4D9-5323-4766-A5A5-F9C1855122A0}"
EndProject
Project("{FAE04EC0-301F-11D3-BF4B-00C04F79EFBC}") = "DigitalThinkersHomeWork.Driver", "DigitalThinkersHomeWork.Driver\DigitalThinkersHomeWork.Driver.csproj", "{0183FE86-E0B5-4901-BCC7-4F9CEF0FB842}"
EndProject
Global
	GlobalSection(SolutionConfigurationPlatforms) = preSolution
		Debug|Any CPU = Debug|Any CPU
		Release|Any CPU = Release|Any CPU
	EndGlobalSection
	GlobalSection(ProjectConfigurationPlatforms) = postSolution
		{23046BFC-1B76-4148-907D-8B965EAA31F2}.Debug|Any CPU.ActiveCfg = Debug|Any CPU
		{23046BFC-1B76-4148-907D-8B965EAA31F2}.Debug|Any CPU.Build.0 = Debug|Any CPU
		{23046BFC-1B76-4148-907D-8B965EAA31F2}.Release|Any CPU.ActiveCfg = Release|Any CPU
		{23046BFC-1B76-4148-907D-8B965EAA31F2}.Release|Any CPU.Build.0 = Release|Any CPU
		{A7E84D61-201C-494D-A8AA-992F390654F6}.Debug|Any CPU.ActiveCfg = Debug|Any CPU
		{A7E84D61-201C-494D-A8AA-992F390654F6}.Debug|Any CPU.Build.0 = Debug|Any CPU
		{A7E84D61-201C-494D-A8AA-992F390654F6}.Release|Any CPU.ActiveCfg = Release|Any CPU
		{A7E84D61-201C-494D-A8AA-992F390654F6}.Release|Any CPU.Build.0 = Release|Any CPU
		{AC92F33F-5CE2-48E1-BFC5-A01982F6EF01}.Debug|Any CPU.ActiveCfg = Debug|Any CPU
		{AC92F33F-5CE2-48E1-BFC5-A01982F6EF01}.Debug|Any CPU.Build.0 = Debug|Any CPU
		{AC92F33F-5CE2-48E1-BFC5-A01982F6EF01}.Release|Any CPU.ActiveCfg = Release|Any CPU
		{AC92F33F-5CE2-48E1-BFC5-A01982F6EF01}.Release|Any CPU.Build.0 = Release|Any CPU
		{0183FE86-E0B5-4901-BCC7-4F9CEF0FB842}.Debug|Any CPU.ActiveCfg = Debug|Any CPU
		{0183FE86-E0B5-4901-BCC7-4F9CEF0FB842}.Debug|Any CPU.Build.0 = Debug|Any CPU
		{0183FE86-E0B5-4901-BCC7-4F9CEF0FB842}.Release|Any CPU.ActiveCfg = Release|Any CPU
		{0183FE86-E0B5-4901-BCC7-4F9CEF0FB842}.Release|Any CPU.Build.0 = Release|Any CPU
	EndGlobalSection
	GlobalSection(SolutionProperties) = preSolution
		HideSolutionNode = FALSE
	EndGlobalSection
	GlobalSection(NestedProjects) = preSolution
		{0183FE86-E0B5-4901-BCC7-4F9CEF0FB842} = {87B3A4D9-5323-4766-A5A5-F9C1855122A0}
	EndGlobalSection
	GlobalSection(ExtensibilityGlobals) = postSolution
		SolutionGuid = {3565BD59-9DAC-4EA6-BACD-06BC9E5930C8}
	EndGlobalSection
EndGlobal
